
Microsoft Visual Studio Solution File, Format Version 12.00
# Visual Studio Version 17
VisualStudioVersion = 17.14.36616.10 d17.14
MinimumVisualStudioVersion = 10.0.40219.1
Project("{8BC9CEB8-8B4A-11D0-8D11-00A0C91BC942}") = "EscapeRoomGame", "EscapeRoomGame\EscapeRoomGame.vcxproj", "{33056391-BAB5-4324-BC4F-8BA36D04D789}"
EndProject
Project("{8BC9CEB8-8B4A-11D0-8D11-00A0C91BC942}") = "GraphicsUtils", "GraphicsUtils\GraphicsUtils.vcxproj", "{6E563D33-6361-4312-9F76-F89E635DDDD8}"
EndProject
Global
	GlobalSection(SolutionConfigurationPlatforms) = preSolution
		Debug|x64 = Debug|x64
		Debug|x86 = Debug|x86
		Release|x64 = Release|x64
		Release|x86 = Release|x86
	EndGlobalSection
	GlobalSection(ProjectConfigurationPlatforms) = postSolution
		{33056391-BAB5-4324-BC4F-8BA36D04D789}.Debug|x64.ActiveCfg = Debug|x64
		{33056391-BAB5-4324-BC4F-8BA36D04D789}.Debug|x64.Build.0 = Debug|x64
		{33056391-BAB5-4324-BC4F-8BA36D04D789}.Debug|x86.ActiveCfg = Debug|Win32
		{33056391-BAB5-4324-BC4F-8BA36D04D789}.Debug|x86.Build.0 = Debug|Win32
		{33056391-BAB5-4324-BC4F-8BA36D04D789}.Release|x64.ActiveCfg = Release|x64
		{33056391-BAB5-4324-BC4F-8BA36D04D789}.Release|x64.Build.0 = Release|x64
		{33056391-BAB5-4324-BC4F-8BA36D04D789}.Release|x86.ActiveCfg = Release|Win32
		{33056391-BAB5-4324-BC4F-8BA36D04D789}.Release|x86.Build.0 = Release|Win32
		{6E563D33-6361-4312-9F76-F89E635DDDD8}.Debug|x64.ActiveCfg = Debug|x64
		{6E563D33-6361-4312-9F76-F89E635DDDD8}.Debug|x64.Build.0 = Debug|x64
		{6E563D33-6361-4312-9F76-F89E635DDDD8}.Debug|x86.ActiveCfg = Debug|Win32
		{6E563D33-6361-4312-9F76-F89E635DDDD8}.Debug|x86.Build.0 = Debug|Win32
		{6E563D33-6361-4312-9F76-F89E635DDDD8}.Release|x64.ActiveCfg = Release|x64
		{6E563D33-6361-4312-9F76-F89E635DDDD8}.Release|x64.Build.0 = Release|x64
		{6E563D33-6361-4312-9F76-F89E635DDDD8}.Release|x86.ActiveCfg = Release|Win32
		{6E563D33-6361-4312-9F76-F89E635DDDD8}.Release|x86.Build.0 = Release|Win32
	EndGlobalSection
	GlobalSection(SolutionProperties) = preSolution
		HideSolutionNode = FALSE
	EndGlobalSection
	GlobalSection(ExtensibilityGlobals) = postSolution
		SolutionGuid = {DC0C1AC0-9EB4-4B2A-8483-389E6452385A}
	EndGlobalSection
EndGlobal
